
Microsoft Visual Studio Solution File, Format Version 12.00
# Visual Studio Version 17
VisualStudioVersion = 17.12.35309.182
MinimumVisualStudioVersion = 10.0.40219.1
Project("{FAE04EC0-301F-11D3-BF4B-00C04F79EFBC}") = "IntroductionToFormsValid", "IntroductionToFormsValid\IntroductionToFormsValid.csproj", "{877950F8-B79B-4C4D-9AD2-79D9FC438FAB}"
EndProject
Global
	GlobalSection(SolutionConfigurationPlatforms) = preSolution
		Debug|Any CPU = Debug|Any CPU
		Release|Any CPU = Release|Any CPU
	EndGlobalSection
	GlobalSection(ProjectConfigurationPlatforms) = postSolution
		{877950F8-B79B-4C4D-9AD2-79D9FC438FAB}.Debug|Any CPU.ActiveCfg = Debug|Any CPU
		{877950F8-B79B-4C4D-9AD2-79D9FC438FAB}.Debug|Any CPU.Build.0 = Debug|Any CPU
		{877950F8-B79B-4C4D-9AD2-79D9FC438FAB}.Release|Any CPU.ActiveCfg = Release|Any CPU
		{877950F8-B79B-4C4D-9AD2-79D9FC438FAB}.Release|Any CPU.Build.0 = Release|Any CPU
	EndGlobalSection
	GlobalSection(SolutionProperties) = preSolution
		HideSolutionNode = FALSE
	EndGlobalSection
	GlobalSection(ExtensibilityGlobals) = postSolution
		SolutionGuid = {221F741D-2D1E-44DC-9909-20382AFB7697}
	EndGlobalSection
EndGlobal
